// !$*UTF8*$!
{
	archiveVersion = 1;
	classes = {
	};
	objectVersion = 46;
	objects = {

/* Begin PBXBuildFile section */
		471D6DB41CE733A0008FE86A /* AppDelegate.swift in Sources */ = {isa = PBXBuildFile; fileRef = 471D6DB31CE733A0008FE86A /* AppDelegate.swift */; };
		471D6DB71CE733A0008FE86A /* Corsaire.xcdatamodeld in Sources */ = {isa = PBXBuildFile; fileRef = 471D6DB51CE733A0008FE86A /* Corsaire.xcdatamodeld */; };
		471D6DBE1CE733A0008FE86A /* Main.storyboard in Resources */ = {isa = PBXBuildFile; fileRef = 471D6DBC1CE733A0008FE86A /* Main.storyboard */; };
		471D6DC01CE733A0008FE86A /* Assets.xcassets in Resources */ = {isa = PBXBuildFile; fileRef = 471D6DBF1CE733A0008FE86A /* Assets.xcassets */; };
		471D6DC31CE733A0008FE86A /* LaunchScreen.storyboard in Resources */ = {isa = PBXBuildFile; fileRef = 471D6DC11CE733A0008FE86A /* LaunchScreen.storyboard */; };
		471D6DCE1CE733A0008FE86A /* CorsaireTests.swift in Sources */ = {isa = PBXBuildFile; fileRef = 471D6DCD1CE733A0008FE86A /* CorsaireTests.swift */; };
		471D6DD91CE733A0008FE86A /* CorsaireUITests.swift in Sources */ = {isa = PBXBuildFile; fileRef = 471D6DD81CE733A0008FE86A /* CorsaireUITests.swift */; };
		471D6DEB1CE73F4C008FE86A /* BlindHomeController.swift in Sources */ = {isa = PBXBuildFile; fileRef = 471D6DEA1CE73F4C008FE86A /* BlindHomeController.swift */; };
		471D6DEE1CE74046008FE86A /* ValidHomeController.swift in Sources */ = {isa = PBXBuildFile; fileRef = 471D6DED1CE74046008FE86A /* ValidHomeController.swift */; };
		471D6DF51CE74B24008FE86A /* Localizable.strings in Resources */ = {isa = PBXBuildFile; fileRef = 471D6DF71CE74B24008FE86A /* Localizable.strings */; };
		471D6DFC1CE7B85A008FE86A /* Extensions.swift in Sources */ = {isa = PBXBuildFile; fileRef = 471D6DFB1CE7B85A008FE86A /* Extensions.swift */; };
		471D6DFE1CE7B8A5008FE86A /* ItineraryHelper.swift in Sources */ = {isa = PBXBuildFile; fileRef = 471D6DFD1CE7B8A5008FE86A /* ItineraryHelper.swift */; };
		471D6E021CE7C427008FE86A /* HttpRequest.swift in Sources */ = {isa = PBXBuildFile; fileRef = 471D6E011CE7C427008FE86A /* HttpRequest.swift */; };
		476978671CE9E6FF002C177F /* Info.plist in Resources */ = {isa = PBXBuildFile; fileRef = 476978661CE9E6FF002C177F /* Info.plist */; };
		476978691CE9F2F3002C177F /* Colors.swift in Sources */ = {isa = PBXBuildFile; fileRef = 476978681CE9F2F3002C177F /* Colors.swift */; };
		4769786B1CEA138A002C177F /* Settings.bundle in Resources */ = {isa = PBXBuildFile; fileRef = 4769786A1CEA138A002C177F /* Settings.bundle */; };
		47BA94901CE8BFC6006EA46C /* Step.swift in Sources */ = {isa = PBXBuildFile; fileRef = 47BA948F1CE8BFC6006EA46C /* Step.swift */; };
		47BA94921CE8D753006EA46C /* WalkingStep.swift in Sources */ = {isa = PBXBuildFile; fileRef = 47BA94911CE8D753006EA46C /* WalkingStep.swift */; };
		47BA94941CE8D825006EA46C /* TransitStep.swift in Sources */ = {isa = PBXBuildFile; fileRef = 47BA94931CE8D825006EA46C /* TransitStep.swift */; };
		47BA94961CE8E316006EA46C /* Polyline.swift in Sources */ = {isa = PBXBuildFile; fileRef = 47BA94951CE8E316006EA46C /* Polyline.swift */; };
		47D56F2B1CE92D1D0056D01B /* LocationSearchTableArrival.swift in Sources */ = {isa = PBXBuildFile; fileRef = 47D56F2A1CE92D1D0056D01B /* LocationSearchTableArrival.swift */; };
		47EF05FF1CE8BC0200E3F3B9 /* Itinerary.swift in Sources */ = {isa = PBXBuildFile; fileRef = 47EF05FE1CE8BC0200E3F3B9 /* Itinerary.swift */; };
		47F63A4B1CED1BEE0057737F /* ValidHomeMapDelegate.swift in Sources */ = {isa = PBXBuildFile; fileRef = 47F63A4A1CED1BEE0057737F /* ValidHomeMapDelegate.swift */; };
		47F63A4D1CED1C1B0057737F /* ValidHomeMapLocationDelegate.swift in Sources */ = {isa = PBXBuildFile; fileRef = 47F63A4C1CED1C1B0057737F /* ValidHomeMapLocationDelegate.swift */; };
/* End PBXBuildFile section */

/* Begin PBXContainerItemProxy section */
		471D6DCA1CE733A0008FE86A /* PBXContainerItemProxy */ = {
			isa = PBXContainerItemProxy;
			containerPortal = 471D6DA81CE733A0008FE86A /* Project object */;
			proxyType = 1;
			remoteGlobalIDString = 471D6DAF1CE733A0008FE86A;
			remoteInfo = Corsaire;
		};
		471D6DD51CE733A0008FE86A /* PBXContainerItemProxy */ = {
			isa = PBXContainerItemProxy;
			containerPortal = 471D6DA81CE733A0008FE86A /* Project object */;
			proxyType = 1;
			remoteGlobalIDString = 471D6DAF1CE733A0008FE86A;
			remoteInfo = Corsaire;
		};
/* End PBXContainerItemProxy section */

/* Begin PBXFileReference section */
		471D6DB01CE733A0008FE86A /* Corsaire.app */ = {isa = PBXFileReference; explicitFileType = wrapper.application; includeInIndex = 0; path = Corsaire.app; sourceTree = BUILT_PRODUCTS_DIR; };
		471D6DB31CE733A0008FE86A /* AppDelegate.swift */ = {isa = PBXFileReference; lastKnownFileType = sourcecode.swift; path = AppDelegate.swift; sourceTree = "<group>"; };
		471D6DB61CE733A0008FE86A /* Corsaire.xcdatamodel */ = {isa = PBXFileReference; lastKnownFileType = wrapper.xcdatamodel; path = Corsaire.xcdatamodel; sourceTree = "<group>"; };
		471D6DBD1CE733A0008FE86A /* Base */ = {isa = PBXFileReference; lastKnownFileType = file.storyboard; name = Base; path = Base.lproj/Main.storyboard; sourceTree = "<group>"; };
		471D6DBF1CE733A0008FE86A /* Assets.xcassets */ = {isa = PBXFileReference; lastKnownFileType = folder.assetcatalog; path = Assets.xcassets; sourceTree = "<group>"; };
		471D6DC21CE733A0008FE86A /* Base */ = {isa = PBXFileReference; lastKnownFileType = file.storyboard; name = Base; path = Base.lproj/LaunchScreen.storyboard; sourceTree = "<group>"; };
		471D6DC91CE733A0008FE86A /* CorsaireTests.xctest */ = {isa = PBXFileReference; explicitFileType = wrapper.cfbundle; includeInIndex = 0; path = CorsaireTests.xctest; sourceTree = BUILT_PRODUCTS_DIR; };
		471D6DCD1CE733A0008FE86A /* CorsaireTests.swift */ = {isa = PBXFileReference; lastKnownFileType = sourcecode.swift; path = CorsaireTests.swift; sourceTree = "<group>"; };
		471D6DCF1CE733A0008FE86A /* Info.plist */ = {isa = PBXFileReference; lastKnownFileType = text.plist.xml; path = Info.plist; sourceTree = "<group>"; };
		471D6DD41CE733A0008FE86A /* CorsaireUITests.xctest */ = {isa = PBXFileReference; explicitFileType = wrapper.cfbundle; includeInIndex = 0; path = CorsaireUITests.xctest; sourceTree = BUILT_PRODUCTS_DIR; };
		471D6DD81CE733A0008FE86A /* CorsaireUITests.swift */ = {isa = PBXFileReference; lastKnownFileType = sourcecode.swift; path = CorsaireUITests.swift; sourceTree = "<group>"; };
		471D6DDA1CE733A0008FE86A /* Info.plist */ = {isa = PBXFileReference; lastKnownFileType = text.plist.xml; path = Info.plist; sourceTree = "<group>"; };
		471D6DEA1CE73F4C008FE86A /* BlindHomeController.swift */ = {isa = PBXFileReference; fileEncoding = 4; lastKnownFileType = sourcecode.swift; path = BlindHomeController.swift; sourceTree = "<group>"; };
		471D6DED1CE74046008FE86A /* ValidHomeController.swift */ = {isa = PBXFileReference; fileEncoding = 4; lastKnownFileType = sourcecode.swift; path = ValidHomeController.swift; sourceTree = "<group>"; };
		471D6DEF1CE74869008FE86A /* fr */ = {isa = PBXFileReference; lastKnownFileType = text.plist.strings; name = fr; path = fr.lproj/Main.strings; sourceTree = "<group>"; };
		471D6DF01CE74869008FE86A /* fr */ = {isa = PBXFileReference; lastKnownFileType = text.plist.strings; name = fr; path = fr.lproj/LaunchScreen.strings; sourceTree = "<group>"; };
		471D6DF11CE74873008FE86A /* es */ = {isa = PBXFileReference; lastKnownFileType = text.plist.strings; name = es; path = es.lproj/Main.strings; sourceTree = "<group>"; };
		471D6DF21CE74873008FE86A /* es */ = {isa = PBXFileReference; lastKnownFileType = text.plist.strings; name = es; path = es.lproj/LaunchScreen.strings; sourceTree = "<group>"; };
		471D6DF61CE74B24008FE86A /* en */ = {isa = PBXFileReference; lastKnownFileType = text.plist.strings; name = en; path = en.lproj/Localizable.strings; sourceTree = "<group>"; };
		471D6DF81CE74B54008FE86A /* fr */ = {isa = PBXFileReference; lastKnownFileType = text.plist.strings; name = fr; path = fr.lproj/Localizable.strings; sourceTree = "<group>"; };
		471D6DF91CE74B58008FE86A /* es */ = {isa = PBXFileReference; lastKnownFileType = text.plist.strings; name = es; path = es.lproj/Localizable.strings; sourceTree = "<group>"; };
		471D6DFB1CE7B85A008FE86A /* Extensions.swift */ = {isa = PBXFileReference; fileEncoding = 4; lastKnownFileType = sourcecode.swift; path = Extensions.swift; sourceTree = "<group>"; };
		471D6DFD1CE7B8A5008FE86A /* ItineraryHelper.swift */ = {isa = PBXFileReference; fileEncoding = 4; lastKnownFileType = sourcecode.swift; path = ItineraryHelper.swift; sourceTree = "<group>"; };
		471D6E011CE7C427008FE86A /* HttpRequest.swift */ = {isa = PBXFileReference; fileEncoding = 4; lastKnownFileType = sourcecode.swift; path = HttpRequest.swift; sourceTree = "<group>"; };
		476978661CE9E6FF002C177F /* Info.plist */ = {isa = PBXFileReference; fileEncoding = 4; lastKnownFileType = text.plist.xml; path = Info.plist; sourceTree = "<group>"; };
		476978681CE9F2F3002C177F /* Colors.swift */ = {isa = PBXFileReference; fileEncoding = 4; lastKnownFileType = sourcecode.swift; path = Colors.swift; sourceTree = "<group>"; };
		4769786A1CEA138A002C177F /* Settings.bundle */ = {isa = PBXFileReference; lastKnownFileType = "wrapper.plug-in"; path = Settings.bundle; sourceTree = "<group>"; };
		47BA948F1CE8BFC6006EA46C /* Step.swift */ = {isa = PBXFileReference; fileEncoding = 4; lastKnownFileType = sourcecode.swift; path = Step.swift; sourceTree = "<group>"; };
		47BA94911CE8D753006EA46C /* WalkingStep.swift */ = {isa = PBXFileReference; fileEncoding = 4; lastKnownFileType = sourcecode.swift; path = WalkingStep.swift; sourceTree = "<group>"; };
		47BA94931CE8D825006EA46C /* TransitStep.swift */ = {isa = PBXFileReference; fileEncoding = 4; lastKnownFileType = sourcecode.swift; path = TransitStep.swift; sourceTree = "<group>"; };
		47BA94951CE8E316006EA46C /* Polyline.swift */ = {isa = PBXFileReference; fileEncoding = 4; lastKnownFileType = sourcecode.swift; path = Polyline.swift; sourceTree = "<group>"; };
		47D56F2A1CE92D1D0056D01B /* LocationSearchTableArrival.swift */ = {isa = PBXFileReference; fileEncoding = 4; lastKnownFileType = sourcecode.swift; path = LocationSearchTableArrival.swift; sourceTree = "<group>"; };
		47D56F311CE9E55C0056D01B /* Base */ = {isa = PBXFileReference; lastKnownFileType = text.plist.strings; name = Base; path = Base.lproj/Localizable.strings; sourceTree = "<group>"; };
		47EF05FE1CE8BC0200E3F3B9 /* Itinerary.swift */ = {isa = PBXFileReference; fileEncoding = 4; lastKnownFileType = sourcecode.swift; path = Itinerary.swift; sourceTree = "<group>"; };
		47F63A4A1CED1BEE0057737F /* ValidHomeMapDelegate.swift */ = {isa = PBXFileReference; fileEncoding = 4; lastKnownFileType = sourcecode.swift; path = ValidHomeMapDelegate.swift; sourceTree = "<group>"; };
		47F63A4C1CED1C1B0057737F /* ValidHomeMapLocationDelegate.swift */ = {isa = PBXFileReference; fileEncoding = 4; lastKnownFileType = sourcecode.swift; path = ValidHomeMapLocationDelegate.swift; sourceTree = "<group>"; };
/* End PBXFileReference section */

/* Begin PBXFrameworksBuildPhase section */
		471D6DAD1CE733A0008FE86A /* Frameworks */ = {
			isa = PBXFrameworksBuildPhase;
			buildActionMask = 2147483647;
			files = (
			);
			runOnlyForDeploymentPostprocessing = 0;
		};
		471D6DC61CE733A0008FE86A /* Frameworks */ = {
			isa = PBXFrameworksBuildPhase;
			buildActionMask = 2147483647;
			files = (
			);
			runOnlyForDeploymentPostprocessing = 0;
		};
		471D6DD11CE733A0008FE86A /* Frameworks */ = {
			isa = PBXFrameworksBuildPhase;
			buildActionMask = 2147483647;
			files = (
			);
			runOnlyForDeploymentPostprocessing = 0;
		};
/* End PBXFrameworksBuildPhase section */

/* Begin PBXGroup section */
		471D6DA71CE7339F008FE86A = {
			isa = PBXGroup;
			children = (
				4769786A1CEA138A002C177F /* Settings.bundle */,
				471D6DB21CE733A0008FE86A /* Corsaire */,
				471D6DCC1CE733A0008FE86A /* CorsaireTests */,
				471D6DD71CE733A0008FE86A /* CorsaireUITests */,
				471D6DB11CE733A0008FE86A /* Products */,
			);
			sourceTree = "<group>";
		};
		471D6DB11CE733A0008FE86A /* Products */ = {
			isa = PBXGroup;
			children = (
				471D6DB01CE733A0008FE86A /* Corsaire.app */,
				471D6DC91CE733A0008FE86A /* CorsaireTests.xctest */,
				471D6DD41CE733A0008FE86A /* CorsaireUITests.xctest */,
			);
			name = Products;
			sourceTree = "<group>";
		};
		471D6DB21CE733A0008FE86A /* Corsaire */ = {
			isa = PBXGroup;
			children = (
				47EF05FD1CE8BBF400E3F3B9 /* Model */,
				471D6DFA1CE7B83A008FE86A /* Helpers */,
				471D6DE81CE73EE1008FE86A /* Service */,
				471D6DE71CE73ECD008FE86A /* Valid */,
				471D6DE61CE73EC5008FE86A /* Blind */,
				471D6DB31CE733A0008FE86A /* AppDelegate.swift */,
				471D6DBC1CE733A0008FE86A /* Main.storyboard */,
				471D6DBF1CE733A0008FE86A /* Assets.xcassets */,
				471D6DC11CE733A0008FE86A /* LaunchScreen.storyboard */,
				471D6DB51CE733A0008FE86A /* Corsaire.xcdatamodeld */,
				471D6DF71CE74B24008FE86A /* Localizable.strings */,
				476978661CE9E6FF002C177F /* Info.plist */,
			);
			path = Corsaire;
			sourceTree = "<group>";
		};
		471D6DCC1CE733A0008FE86A /* CorsaireTests */ = {
			isa = PBXGroup;
			children = (
				471D6DCD1CE733A0008FE86A /* CorsaireTests.swift */,
				471D6DCF1CE733A0008FE86A /* Info.plist */,
			);
			path = CorsaireTests;
			sourceTree = "<group>";
		};
		471D6DD71CE733A0008FE86A /* CorsaireUITests */ = {
			isa = PBXGroup;
			children = (
				471D6DD81CE733A0008FE86A /* CorsaireUITests.swift */,
				471D6DDA1CE733A0008FE86A /* Info.plist */,
			);
			path = CorsaireUITests;
			sourceTree = "<group>";
		};
		471D6DE61CE73EC5008FE86A /* Blind */ = {
			isa = PBXGroup;
			children = (
				471D6DE91CE73F3D008FE86A /* Home */,
			);
			name = Blind;
			sourceTree = "<group>";
		};
		471D6DE71CE73ECD008FE86A /* Valid */ = {
			isa = PBXGroup;
			children = (
				471D6DEC1CE74039008FE86A /* Home */,
			);
			name = Valid;
			sourceTree = "<group>";
		};
		471D6DE81CE73EE1008FE86A /* Service */ = {
			isa = PBXGroup;
			children = (
			);
			name = Service;
			sourceTree = "<group>";
		};
		471D6DE91CE73F3D008FE86A /* Home */ = {
			isa = PBXGroup;
			children = (
				471D6DEA1CE73F4C008FE86A /* BlindHomeController.swift */,
			);
			name = Home;
			sourceTree = "<group>";
		};
		471D6DEC1CE74039008FE86A /* Home */ = {
			isa = PBXGroup;
			children = (
				471D6DED1CE74046008FE86A /* ValidHomeController.swift */,
				47F63A4A1CED1BEE0057737F /* ValidHomeMapDelegate.swift */,
				47F63A4C1CED1C1B0057737F /* ValidHomeMapLocationDelegate.swift */,
			);
			name = Home;
			sourceTree = "<group>";
		};
		471D6DFA1CE7B83A008FE86A /* Helpers */ = {
			isa = PBXGroup;
			children = (
				471D6DFB1CE7B85A008FE86A /* Extensions.swift */,
				471D6DFD1CE7B8A5008FE86A /* ItineraryHelper.swift */,
				471D6E011CE7C427008FE86A /* HttpRequest.swift */,
				47BA94951CE8E316006EA46C /* Polyline.swift */,
				47D56F2A1CE92D1D0056D01B /* LocationSearchTableArrival.swift */,
				476978681CE9F2F3002C177F /* Colors.swift */,
			);
			name = Helpers;
			sourceTree = "<group>";
		};
		47EF05FD1CE8BBF400E3F3B9 /* Model */ = {
			isa = PBXGroup;
			children = (
				47EF05FE1CE8BC0200E3F3B9 /* Itinerary.swift */,
				47BA948F1CE8BFC6006EA46C /* Step.swift */,
				47BA94911CE8D753006EA46C /* WalkingStep.swift */,
				47BA94931CE8D825006EA46C /* TransitStep.swift */,
			);
			name = Model;
			sourceTree = "<group>";
		};
/* End PBXGroup section */

/* Begin PBXNativeTarget section */
		471D6DAF1CE733A0008FE86A /* Corsaire */ = {
			isa = PBXNativeTarget;
			buildConfigurationList = 471D6DDD1CE733A0008FE86A /* Build configuration list for PBXNativeTarget "Corsaire" */;
			buildPhases = (
				471D6DAC1CE733A0008FE86A /* Sources */,
				471D6DAD1CE733A0008FE86A /* Frameworks */,
				471D6DAE1CE733A0008FE86A /* Resources */,
			);
			buildRules = (
			);
			dependencies = (
			);
			name = Corsaire;
			productName = Corsaire;
			productReference = 471D6DB01CE733A0008FE86A /* Corsaire.app */;
			productType = "com.apple.product-type.application";
		};
		471D6DC81CE733A0008FE86A /* CorsaireTests */ = {
			isa = PBXNativeTarget;
			buildConfigurationList = 471D6DE01CE733A0008FE86A /* Build configuration list for PBXNativeTarget "CorsaireTests" */;
			buildPhases = (
				471D6DC51CE733A0008FE86A /* Sources */,
				471D6DC61CE733A0008FE86A /* Frameworks */,
				471D6DC71CE733A0008FE86A /* Resources */,
			);
			buildRules = (
			);
			dependencies = (
				471D6DCB1CE733A0008FE86A /* PBXTargetDependency */,
			);
			name = CorsaireTests;
			productName = CorsaireTests;
			productReference = 471D6DC91CE733A0008FE86A /* CorsaireTests.xctest */;
			productType = "com.apple.product-type.bundle.unit-test";
		};
		471D6DD31CE733A0008FE86A /* CorsaireUITests */ = {
			isa = PBXNativeTarget;
			buildConfigurationList = 471D6DE31CE733A0008FE86A /* Build configuration list for PBXNativeTarget "CorsaireUITests" */;
			buildPhases = (
				471D6DD01CE733A0008FE86A /* Sources */,
				471D6DD11CE733A0008FE86A /* Frameworks */,
				471D6DD21CE733A0008FE86A /* Resources */,
			);
			buildRules = (
			);
			dependencies = (
				471D6DD61CE733A0008FE86A /* PBXTargetDependency */,
			);
			name = CorsaireUITests;
			productName = CorsaireUITests;
			productReference = 471D6DD41CE733A0008FE86A /* CorsaireUITests.xctest */;
			productType = "com.apple.product-type.bundle.ui-testing";
		};
/* End PBXNativeTarget section */

/* Begin PBXProject section */
		471D6DA81CE733A0008FE86A /* Project object */ = {
			isa = PBXProject;
			attributes = {
				LastSwiftUpdateCheck = 0730;
				LastUpgradeCheck = 0730;
				ORGANIZATIONNAME = Elie;
				TargetAttributes = {
					471D6DAF1CE733A0008FE86A = {
						CreatedOnToolsVersion = 7.3.1;
					};
					471D6DC81CE733A0008FE86A = {
						CreatedOnToolsVersion = 7.3.1;
						TestTargetID = 471D6DAF1CE733A0008FE86A;
					};
					471D6DD31CE733A0008FE86A = {
						CreatedOnToolsVersion = 7.3.1;
						TestTargetID = 471D6DAF1CE733A0008FE86A;
					};
				};
			};
			buildConfigurationList = 471D6DAB1CE733A0008FE86A /* Build configuration list for PBXProject "Corsaire" */;
			compatibilityVersion = "Xcode 3.2";
			developmentRegion = English;
			hasScannedForEncodings = 0;
			knownRegions = (
				en,
				Base,
				fr,
				es,
			);
			mainGroup = 471D6DA71CE7339F008FE86A;
			productRefGroup = 471D6DB11CE733A0008FE86A /* Products */;
			projectDirPath = "";
			projectRoot = "";
			targets = (
				471D6DAF1CE733A0008FE86A /* Corsaire */,
				471D6DC81CE733A0008FE86A /* CorsaireTests */,
				471D6DD31CE733A0008FE86A /* CorsaireUITests */,
			);
		};
/* End PBXProject section */

/* Begin PBXResourcesBuildPhase section */
		471D6DAE1CE733A0008FE86A /* Resources */ = {
			isa = PBXResourcesBuildPhase;
			buildActionMask = 2147483647;
			files = (
				471D6DC31CE733A0008FE86A /* LaunchScreen.storyboard in Resources */,
				471D6DF51CE74B24008FE86A /* Localizable.strings in Resources */,
				471D6DC01CE733A0008FE86A /* Assets.xcassets in Resources */,
				476978671CE9E6FF002C177F /* Info.plist in Resources */,
				4769786B1CEA138A002C177F /* Settings.bundle in Resources */,
				471D6DBE1CE733A0008FE86A /* Main.storyboard in Resources */,
			);
			runOnlyForDeploymentPostprocessing = 0;
		};
		471D6DC71CE733A0008FE86A /* Resources */ = {
			isa = PBXResourcesBuildPhase;
			buildActionMask = 2147483647;
			files = (
			);
			runOnlyForDeploymentPostprocessing = 0;
		};
		471D6DD21CE733A0008FE86A /* Resources */ = {
			isa = PBXResourcesBuildPhase;
			buildActionMask = 2147483647;
			files = (
			);
			runOnlyForDeploymentPostprocessing = 0;
		};
/* End PBXResourcesBuildPhase section */

/* Begin PBXSourcesBuildPhase section */
		471D6DAC1CE733A0008FE86A /* Sources */ = {
			isa = PBXSourcesBuildPhase;
			buildActionMask = 2147483647;
			files = (
				47BA94901CE8BFC6006EA46C /* Step.swift in Sources */,
				471D6DFC1CE7B85A008FE86A /* Extensions.swift in Sources */,
				47EF05FF1CE8BC0200E3F3B9 /* Itinerary.swift in Sources */,
				476978691CE9F2F3002C177F /* Colors.swift in Sources */,
				47D56F2B1CE92D1D0056D01B /* LocationSearchTableArrival.swift in Sources */,
				47BA94921CE8D753006EA46C /* WalkingStep.swift in Sources */,
				471D6DB41CE733A0008FE86A /* AppDelegate.swift in Sources */,
				471D6DEE1CE74046008FE86A /* ValidHomeController.swift in Sources */,
				47F63A4D1CED1C1B0057737F /* ValidHomeMapLocationDelegate.swift in Sources */,
				471D6DFE1CE7B8A5008FE86A /* ItineraryHelper.swift in Sources */,
				47F63A4B1CED1BEE0057737F /* ValidHomeMapDelegate.swift in Sources */,
				471D6DB71CE733A0008FE86A /* Corsaire.xcdatamodeld in Sources */,
				471D6E021CE7C427008FE86A /* HttpRequest.swift in Sources */,
				47BA94961CE8E316006EA46C /* Polyline.swift in Sources */,
				471D6DEB1CE73F4C008FE86A /* BlindHomeController.swift in Sources */,
				47BA94941CE8D825006EA46C /* TransitStep.swift in Sources */,
			);
			runOnlyForDeploymentPostprocessing = 0;
		};
		471D6DC51CE733A0008FE86A /* Sources */ = {
			isa = PBXSourcesBuildPhase;
			buildActionMask = 2147483647;
			files = (
				471D6DCE1CE733A0008FE86A /* CorsaireTests.swift in Sources */,
			);
			runOnlyForDeploymentPostprocessing = 0;
		};
		471D6DD01CE733A0008FE86A /* Sources */ = {
			isa = PBXSourcesBuildPhase;
			buildActionMask = 2147483647;
			files = (
				471D6DD91CE733A0008FE86A /* CorsaireUITests.swift in Sources */,
			);
			runOnlyForDeploymentPostprocessing = 0;
		};
/* End PBXSourcesBuildPhase section */

/* Begin PBXTargetDependency section */
		471D6DCB1CE733A0008FE86A /* PBXTargetDependency */ = {
			isa = PBXTargetDependency;
			target = 471D6DAF1CE733A0008FE86A /* Corsaire */;
			targetProxy = 471D6DCA1CE733A0008FE86A /* PBXContainerItemProxy */;
		};
		471D6DD61CE733A0008FE86A /* PBXTargetDependency */ = {
			isa = PBXTargetDependency;
			target = 471D6DAF1CE733A0008FE86A /* Corsaire */;
			targetProxy = 471D6DD51CE733A0008FE86A /* PBXContainerItemProxy */;
		};
/* End PBXTargetDependency section */

/* Begin PBXVariantGroup section */
		471D6DBC1CE733A0008FE86A /* Main.storyboard */ = {
			isa = PBXVariantGroup;
			children = (
				471D6DBD1CE733A0008FE86A /* Base */,
				471D6DEF1CE74869008FE86A /* fr */,
				471D6DF11CE74873008FE86A /* es */,
			);
			name = Main.storyboard;
			sourceTree = "<group>";
		};
		471D6DC11CE733A0008FE86A /* LaunchScreen.storyboard */ = {
			isa = PBXVariantGroup;
			children = (
				471D6DC21CE733A0008FE86A /* Base */,
				471D6DF01CE74869008FE86A /* fr */,
				471D6DF21CE74873008FE86A /* es */,
			);
			name = LaunchScreen.storyboard;
			sourceTree = "<group>";
		};
		471D6DF71CE74B24008FE86A /* Localizable.strings */ = {
			isa = PBXVariantGroup;
			children = (
				471D6DF61CE74B24008FE86A /* en */,
				471D6DF81CE74B54008FE86A /* fr */,
				471D6DF91CE74B58008FE86A /* es */,
				47D56F311CE9E55C0056D01B /* Base */,
			);
			name = Localizable.strings;
			sourceTree = "<group>";
		};
/* End PBXVariantGroup section */

/* Begin XCBuildConfiguration section */
		471D6DDB1CE733A0008FE86A /* Debug */ = {
			isa = XCBuildConfiguration;
			buildSettings = {
				ALWAYS_SEARCH_USER_PATHS = NO;
				CLANG_ANALYZER_NONNULL = YES;
				CLANG_CXX_LANGUAGE_STANDARD = "gnu++0x";
				CLANG_CXX_LIBRARY = "libc++";
				CLANG_ENABLE_MODULES = YES;
				CLANG_ENABLE_OBJC_ARC = YES;
				CLANG_WARN_BOOL_CONVERSION = YES;
				CLANG_WARN_CONSTANT_CONVERSION = YES;
				CLANG_WARN_DIRECT_OBJC_ISA_USAGE = YES_ERROR;
				CLANG_WARN_EMPTY_BODY = YES;
				CLANG_WARN_ENUM_CONVERSION = YES;
				CLANG_WARN_INT_CONVERSION = YES;
				CLANG_WARN_OBJC_ROOT_CLASS = YES_ERROR;
				CLANG_WARN_UNREACHABLE_CODE = YES;
				CLANG_WARN__DUPLICATE_METHOD_MATCH = YES;
				"CODE_SIGN_IDENTITY[sdk=iphoneos*]" = "iPhone Developer";
				COPY_PHASE_STRIP = NO;
				DEBUG_INFORMATION_FORMAT = dwarf;
				ENABLE_STRICT_OBJC_MSGSEND = YES;
				ENABLE_TESTABILITY = YES;
				GCC_C_LANGUAGE_STANDARD = gnu99;
				GCC_DYNAMIC_NO_PIC = NO;
				GCC_NO_COMMON_BLOCKS = YES;
				GCC_OPTIMIZATION_LEVEL = 0;
				GCC_PREPROCESSOR_DEFINITIONS = (
					"DEBUG=1",
					"$(inherited)",
				);
				GCC_WARN_64_TO_32_BIT_CONVERSION = YES;
				GCC_WARN_ABOUT_RETURN_TYPE = YES_ERROR;
				GCC_WARN_UNDECLARED_SELECTOR = YES;
				GCC_WARN_UNINITIALIZED_AUTOS = YES_AGGRESSIVE;
				GCC_WARN_UNUSED_FUNCTION = YES;
				GCC_WARN_UNUSED_VARIABLE = YES;
				IPHONEOS_DEPLOYMENT_TARGET = 9.3;
				MTL_ENABLE_DEBUG_INFO = YES;
				ONLY_ACTIVE_ARCH = YES;
				SDKROOT = iphoneos;
				SWIFT_OPTIMIZATION_LEVEL = "-Onone";
				TARGETED_DEVICE_FAMILY = "1,2";
			};
			name = Debug;
		};
		471D6DDC1CE733A0008FE86A /* Release */ = {
			isa = XCBuildConfiguration;
			buildSettings = {
				ALWAYS_SEARCH_USER_PATHS = NO;
				CLANG_ANALYZER_NONNULL = YES;
				CLANG_CXX_LANGUAGE_STANDARD = "gnu++0x";
				CLANG_CXX_LIBRARY = "libc++";
				CLANG_ENABLE_MODULES = YES;
				CLANG_ENABLE_OBJC_ARC = YES;
				CLANG_WARN_BOOL_CONVERSION = YES;
				CLANG_WARN_CONSTANT_CONVERSION = YES;
				CLANG_WARN_DIRECT_OBJC_ISA_USAGE = YES_ERROR;
				CLANG_WARN_EMPTY_BODY = YES;
				CLANG_WARN_ENUM_CONVERSION = YES;
				CLANG_WARN_INT_CONVERSION = YES;
				CLANG_WARN_OBJC_ROOT_CLASS = YES_ERROR;
				CLANG_WARN_UNREACHABLE_CODE = YES;
				CLANG_WARN__DUPLICATE_METHOD_MATCH = YES;
				"CODE_SIGN_IDENTITY[sdk=iphoneos*]" = "iPhone Developer";
				COPY_PHASE_STRIP = NO;
				DEBUG_INFORMATION_FORMAT = "dwarf-with-dsym";
				ENABLE_NS_ASSERTIONS = NO;
				ENABLE_STRICT_OBJC_MSGSEND = YES;
				GCC_C_LANGUAGE_STANDARD = gnu99;
				GCC_NO_COMMON_BLOCKS = YES;
				GCC_WARN_64_TO_32_BIT_CONVERSION = YES;
				GCC_WARN_ABOUT_RETURN_TYPE = YES_ERROR;
				GCC_WARN_UNDECLARED_SELECTOR = YES;
				GCC_WARN_UNINITIALIZED_AUTOS = YES_AGGRESSIVE;
				GCC_WARN_UNUSED_FUNCTION = YES;
				GCC_WARN_UNUSED_VARIABLE = YES;
				IPHONEOS_DEPLOYMENT_TARGET = 9.3;
				MTL_ENABLE_DEBUG_INFO = NO;
				SDKROOT = iphoneos;
				TARGETED_DEVICE_FAMILY = "1,2";
				VALIDATE_PRODUCT = YES;
			};
			name = Release;
		};
		471D6DDE1CE733A0008FE86A /* Debug */ = {
			isa = XCBuildConfiguration;
			buildSettings = {
				ASSETCATALOG_COMPILER_APPICON_NAME = AppIcon;
				INFOPLIST_FILE = Corsaire/Info.plist;
				LD_RUNPATH_SEARCH_PATHS = "$(inherited) @executable_path/Frameworks";
				PRODUCT_BUNDLE_IDENTIFIER = com.eilite.Corsaire;
				PRODUCT_NAME = "$(TARGET_NAME)";
			};
			name = Debug;
		};
		471D6DDF1CE733A0008FE86A /* Release */ = {
			isa = XCBuildConfiguration;
			buildSettings = {
				ASSETCATALOG_COMPILER_APPICON_NAME = AppIcon;
				INFOPLIST_FILE = Corsaire/Info.plist;
				LD_RUNPATH_SEARCH_PATHS = "$(inherited) @executable_path/Frameworks";
				PRODUCT_BUNDLE_IDENTIFIER = com.eilite.Corsaire;
				PRODUCT_NAME = "$(TARGET_NAME)";
			};
			name = Release;
		};
		471D6DE11CE733A0008FE86A /* Debug */ = {
			isa = XCBuildConfiguration;
			buildSettings = {
				BUNDLE_LOADER = "$(TEST_HOST)";
				INFOPLIST_FILE = CorsaireTests/Info.plist;
				LD_RUNPATH_SEARCH_PATHS = "$(inherited) @executable_path/Frameworks @loader_path/Frameworks";
				PRODUCT_BUNDLE_IDENTIFIER = com.eilite.CorsaireTests;
				PRODUCT_NAME = "$(TARGET_NAME)";
				TEST_HOST = "$(BUILT_PRODUCTS_DIR)/Corsaire.app/Corsaire";
			};
			name = Debug;
		};
		471D6DE21CE733A0008FE86A /* Release */ = {
			isa = XCBuildConfiguration;
			buildSettings = {
				BUNDLE_LOADER = "$(TEST_HOST)";
				INFOPLIST_FILE = CorsaireTests/Info.plist;
				LD_RUNPATH_SEARCH_PATHS = "$(inherited) @executable_path/Frameworks @loader_path/Frameworks";
				PRODUCT_BUNDLE_IDENTIFIER = com.eilite.CorsaireTests;
				PRODUCT_NAME = "$(TARGET_NAME)";
				TEST_HOST = "$(BUILT_PRODUCTS_DIR)/Corsaire.app/Corsaire";
			};
			name = Release;
		};
		471D6DE41CE733A0008FE86A /* Debug */ = {
			isa = XCBuildConfiguration;
			buildSettings = {
				INFOPLIST_FILE = CorsaireUITests/Info.plist;
				LD_RUNPATH_SEARCH_PATHS = "$(inherited) @executable_path/Frameworks @loader_path/Frameworks";
				PRODUCT_BUNDLE_IDENTIFIER = com.eilite.CorsaireUITests;
				PRODUCT_NAME = "$(TARGET_NAME)";
				TEST_TARGET_NAME = Corsaire;
			};
			name = Debug;
		};
		471D6DE51CE733A0008FE86A /* Release */ = {
			isa = XCBuildConfiguration;
			buildSettings = {
				INFOPLIST_FILE = CorsaireUITests/Info.plist;
				LD_RUNPATH_SEARCH_PATHS = "$(inherited) @executable_path/Frameworks @loader_path/Frameworks";
				PRODUCT_BUNDLE_IDENTIFIER = com.eilite.CorsaireUITests;
				PRODUCT_NAME = "$(TARGET_NAME)";
				TEST_TARGET_NAME = Corsaire;
			};
			name = Release;
		};
/* End XCBuildConfiguration section */

/* Begin XCConfigurationList section */
		471D6DAB1CE733A0008FE86A /* Build configuration list for PBXProject "Corsaire" */ = {
			isa = XCConfigurationList;
			buildConfigurations = (
				471D6DDB1CE733A0008FE86A /* Debug */,
				471D6DDC1CE733A0008FE86A /* Release */,
			);
			defaultConfigurationIsVisible = 0;
			defaultConfigurationName = Release;
		};
		471D6DDD1CE733A0008FE86A /* Build configuration list for PBXNativeTarget "Corsaire" */ = {
			isa = XCConfigurationList;
			buildConfigurations = (
				471D6DDE1CE733A0008FE86A /* Debug */,
				471D6DDF1CE733A0008FE86A /* Release */,
			);
			defaultConfigurationIsVisible = 0;
			defaultConfigurationName = Release;
		};
		471D6DE01CE733A0008FE86A /* Build configuration list for PBXNativeTarget "CorsaireTests" */ = {
			isa = XCConfigurationList;
			buildConfigurations = (
				471D6DE11CE733A0008FE86A /* Debug */,
				471D6DE21CE733A0008FE86A /* Release */,
			);
			defaultConfigurationIsVisible = 0;
			defaultConfigurationName = Release;
		};
		471D6DE31CE733A0008FE86A /* Build configuration list for PBXNativeTarget "CorsaireUITests" */ = {
			isa = XCConfigurationList;
			buildConfigurations = (
				471D6DE41CE733A0008FE86A /* Debug */,
				471D6DE51CE733A0008FE86A /* Release */,
			);
			defaultConfigurationIsVisible = 0;
			defaultConfigurationName = Release;
		};
/* End XCConfigurationList section */

/* Begin XCVersionGroup section */
		471D6DB51CE733A0008FE86A /* Corsaire.xcdatamodeld */ = {
			isa = XCVersionGroup;
			children = (
				471D6DB61CE733A0008FE86A /* Corsaire.xcdatamodel */,
			);
			currentVersion = 471D6DB61CE733A0008FE86A /* Corsaire.xcdatamodel */;
			path = Corsaire.xcdatamodeld;
			sourceTree = "<group>";
			versionGroupType = wrapper.xcdatamodel;
		};
/* End XCVersionGroup section */
	};
	rootObject = 471D6DA81CE733A0008FE86A /* Project object */;
}
